// !$*UTF8*$!
{
	archiveVersion = 1;
	classes = {
	};
	objectVersion = 46;
	objects = {

/* Begin PBXBuildFile section */
		FF6CF9611C931ADC00A6879A /* FMTableView.h in CopyFiles */ = {isa = PBXBuildFile; fileRef = FF6CF9601C931ADC00A6879A /* FMTableView.h */; };
		FF6CF9631C931ADC00A6879A /* FMTableView.m in Sources */ = {isa = PBXBuildFile; fileRef = FF6CF9621C931ADC00A6879A /* FMTableView.m */; };
		FF72716C1CB5574C006C3FE8 /* FMTableViewCell.m in Sources */ = {isa = PBXBuildFile; fileRef = FF72716B1CB5574C006C3FE8 /* FMTableViewCell.m */; };
		FF8999F81CBFFE4C0030D1BB /* FMManager.m in Sources */ = {isa = PBXBuildFile; fileRef = FF8999F71CBFFE4C0030D1BB /* FMManager.m */; };
/* End PBXBuildFile section */

/* Begin PBXCopyFilesBuildPhase section */
		FF6CF95B1C931ADB00A6879A /* CopyFiles */ = {
			isa = PBXCopyFilesBuildPhase;
			buildActionMask = 2147483647;
			dstPath = "include/$(PRODUCT_NAME)";
			dstSubfolderSpec = 16;
			files = (
				FF6CF9611C931ADC00A6879A /* FMTableView.h in CopyFiles */,
			);
			runOnlyForDeploymentPostprocessing = 0;
		};
/* End PBXCopyFilesBuildPhase section */

/* Begin PBXFileReference section */
		FF6CD74A1CAD5BA300D1905E /* FMTableViewManager.h */ = {isa = PBXFileReference; fileEncoding = 4; lastKnownFileType = sourcecode.c.h; path = FMTableViewManager.h; sourceTree = "<group>"; };
		FF6CD74B1CAD5BA300D1905E /* FMTableViewManager.m */ = {isa = PBXFileReference; fileEncoding = 4; lastKnownFileType = sourcecode.c.objc; path = FMTableViewManager.m; sourceTree = "<group>"; };
		FF6CF95D1C931ADB00A6879A /* libFMTableView.a */ = {isa = PBXFileReference; explicitFileType = archive.ar; includeInIndex = 0; path = libFMTableView.a; sourceTree = BUILT_PRODUCTS_DIR; };
		FF6CF9601C931ADC00A6879A /* FMTableView.h */ = {isa = PBXFileReference; lastKnownFileType = sourcecode.c.h; path = FMTableView.h; sourceTree = "<group>"; };
		FF6CF9621C931ADC00A6879A /* FMTableView.m */ = {isa = PBXFileReference; lastKnownFileType = sourcecode.c.objc; path = FMTableView.m; sourceTree = "<group>"; };
		FF72716A1CB5574C006C3FE8 /* FMTableViewCell.h */ = {isa = PBXFileReference; fileEncoding = 4; lastKnownFileType = sourcecode.c.h; path = FMTableViewCell.h; sourceTree = "<group>"; };
		FF72716B1CB5574C006C3FE8 /* FMTableViewCell.m */ = {isa = PBXFileReference; fileEncoding = 4; lastKnownFileType = sourcecode.c.objc; path = FMTableViewCell.m; sourceTree = "<group>"; };
		FF8999F61CBFFE4C0030D1BB /* FMManager.h */ = {isa = PBXFileReference; fileEncoding = 4; lastKnownFileType = sourcecode.c.h; path = FMManager.h; sourceTree = "<group>"; };
		FF8999F71CBFFE4C0030D1BB /* FMManager.m */ = {isa = PBXFileReference; fileEncoding = 4; lastKnownFileType = sourcecode.c.objc; path = FMManager.m; sourceTree = "<group>"; };
/* End PBXFileReference section */

/* Begin PBXFrameworksBuildPhase section */
		FF6CF95A1C931ADB00A6879A /* Frameworks */ = {
			isa = PBXFrameworksBuildPhase;
			buildActionMask = 2147483647;
			files = (
			);
			runOnlyForDeploymentPostprocessing = 0;
		};
/* End PBXFrameworksBuildPhase section */

/* Begin PBXGroup section */
		FF6CF9541C931ADB00A6879A = {
			isa = PBXGroup;
			children = (
				FF6CF95F1C931ADB00A6879A /* FMTableView */,
				FF6CF95E1C931ADB00A6879A /* Products */,
			);
			sourceTree = "<group>";
		};
		FF6CF95E1C931ADB00A6879A /* Products */ = {
			isa = PBXGroup;
			children = (
				FF6CF95D1C931ADB00A6879A /* libFMTableView.a */,
			);
			name = Products;
			sourceTree = "<group>";
		};
		FF6CF95F1C931ADB00A6879A /* FMTableView */ = {
			isa = PBXGroup;
			children = (
				FF6CF9601C931ADC00A6879A /* FMTableView.h */,
				FF6CF9621C931ADC00A6879A /* FMTableView.m */,
				FF6CD74A1CAD5BA300D1905E /* FMTableViewManager.h */,
				FF6CD74B1CAD5BA300D1905E /* FMTableViewManager.m */,
				FF72716A1CB5574C006C3FE8 /* FMTableViewCell.h */,
				FF72716B1CB5574C006C3FE8 /* FMTableViewCell.m */,
				FF8999F61CBFFE4C0030D1BB /* FMManager.h */,
				FF8999F71CBFFE4C0030D1BB /* FMManager.m */,
			);
			path = FMTableView;
			sourceTree = "<group>";
		};
/* End PBXGroup section */

/* Begin PBXNativeTarget section */
		FF6CF95C1C931ADB00A6879A /* FMTableView */ = {
			isa = PBXNativeTarget;
			buildConfigurationList = FF6CF9661C931ADC00A6879A /* Build configuration list for PBXNativeTarget "FMTableView" */;
			buildPhases = (
				FF6CF9591C931ADB00A6879A /* Sources */,
				FF6CF95A1C931ADB00A6879A /* Frameworks */,
				FF6CF95B1C931ADB00A6879A /* CopyFiles */,
			);
			buildRules = (
			);
			dependencies = (
			);
			name = FMTableView;
			productName = FMTableView;
			productReference = FF6CF95D1C931ADB00A6879A /* libFMTableView.a */;
			productType = "com.apple.product-type.library.static";
		};
/* End PBXNativeTarget section */

/* Begin PBXProject section */
		FF6CF9551C931ADB00A6879A /* Project object */ = {
			isa = PBXProject;
			attributes = {
				LastUpgradeCheck = 0720;
				ORGANIZATIONNAME = FM;
				TargetAttributes = {
					FF6CF95C1C931ADB00A6879A = {
						CreatedOnToolsVersion = 7.2.1;
					};
				};
			};
			buildConfigurationList = FF6CF9581C931ADB00A6879A /* Build configuration list for PBXProject "FMTableView" */;
			compatibilityVersion = "Xcode 3.2";
			developmentRegion = English;
			hasScannedForEncodings = 0;
			knownRegions = (
				en,
			);
			mainGroup = FF6CF9541C931ADB00A6879A;
			productRefGroup = FF6CF95E1C931ADB00A6879A /* Products */;
			projectDirPath = "";
			projectRoot = "";
			targets = (
				FF6CF95C1C931ADB00A6879A /* FMTableView */,
			);
		};
/* End PBXProject section */

/* Begin PBXSourcesBuildPhase section */
		FF6CF9591C931ADB00A6879A /* Sources */ = {
			isa = PBXSourcesBuildPhase;
			buildActionMask = 2147483647;
			files = (
				FF72716C1CB5574C006C3FE8 /* FMTableViewCell.m in Sources */,
				FF6CF9631C931ADC00A6879A /* FMTableView.m in Sources */,
				FF8999F81CBFFE4C0030D1BB /* FMManager.m in Sources */,
			);
			runOnlyForDeploymentPostprocessing = 0;
		};
/* End PBXSourcesBuildPhase section */

/* Begin XCBuildConfiguration section */
		FF6CF9641C931ADC00A6879A /* Debug */ = {
			isa = XCBuildConfiguration;
			buildSettings = {
				ALWAYS_SEARCH_USER_PATHS = NO;
				CLANG_CXX_LANGUAGE_STANDARD = "gnu++0x";
				CLANG_CXX_LIBRARY = "libc++";
				CLANG_ENABLE_MODULES = YES;
				CLANG_ENABLE_OBJC_ARC = YES;
				CLANG_WARN_BOOL_CONVERSION = YES;
				CLANG_WARN_CONSTANT_CONVERSION = YES;
				CLANG_WARN_DIRECT_OBJC_ISA_USAGE = YES_ERROR;
				CLANG_WARN_EMPTY_BODY = YES;
				CLANG_WARN_ENUM_CONVERSION = YES;
				CLANG_WARN_INT_CONVERSION = YES;
				CLANG_WARN_OBJC_ROOT_CLASS = YES_ERROR;
				CLANG_WARN_UNREACHABLE_CODE = YES;
				CLANG_WARN__DUPLICATE_METHOD_MATCH = YES;
				"CODE_SIGN_IDENTITY[sdk=iphoneos*]" = "iPhone Developer";
				COPY_PHASE_STRIP = NO;
				DEBUG_INFORMATION_FORMAT = dwarf;
				ENABLE_STRICT_OBJC_MSGSEND = YES;
				ENABLE_TESTABILITY = YES;
				GCC_C_LANGUAGE_STANDARD = gnu99;
				GCC_DYNAMIC_NO_PIC = NO;
				GCC_NO_COMMON_BLOCKS = YES;
				GCC_OPTIMIZATION_LEVEL = 0;
				GCC_PREPROCESSOR_DEFINITIONS = (
					"DEBUG=1",
					"$(inherited)",
				);
				GCC_WARN_64_TO_32_BIT_CONVERSION = YES;
				GCC_WARN_ABOUT_RETURN_TYPE = YES_ERROR;
				GCC_WARN_UNDECLARED_SELECTOR = YES;
				GCC_WARN_UNINITIALIZED_AUTOS = YES_AGGRESSIVE;
				GCC_WARN_UNUSED_FUNCTION = YES;
				GCC_WARN_UNUSED_VARIABLE = YES;
				IPHONEOS_DEPLOYMENT_TARGET = 9.2;
				MTL_ENABLE_DEBUG_INFO = YES;
				ONLY_ACTIVE_ARCH = YES;
				SDKROOT = iphoneos;
			};
			name = Debug;
		};
		FF6CF9651C931ADC00A6879A /* Release */ = {
			isa = XCBuildConfiguration;
			buildSettings = {
				ALWAYS_SEARCH_USER_PATHS = NO;
				CLANG_CXX_LANGUAGE_STANDARD = "gnu++0x";
				CLANG_CXX_LIBRARY = "libc++";
				CLANG_ENABLE_MODULES = YES;
				CLANG_ENABLE_OBJC_ARC = YES;
				CLANG_WARN_BOOL_CONVERSION = YES;
				CLANG_WARN_CONSTANT_CONVERSION = YES;
				CLANG_WARN_DIRECT_OBJC_ISA_USAGE = YES_ERROR;
				CLANG_WARN_EMPTY_BODY = YES;
				CLANG_WARN_ENUM_CONVERSION = YES;
				CLANG_WARN_INT_CONVERSION = YES;
				CLANG_WARN_OBJC_ROOT_CLASS = YES_ERROR;
				CLANG_WARN_UNREACHABLE_CODE = YES;
				CLANG_WARN__DUPLICATE_METHOD_MATCH = YES;
				"CODE_SIGN_IDENTITY[sdk=iphoneos*]" = "iPhone Developer";
				COPY_PHASE_STRIP = NO;
				DEBUG_INFORMATION_FORMAT = "dwarf-with-dsym";
				ENABLE_NS_ASSERTIONS = NO;
				ENABLE_STRICT_OBJC_MSGSEND = YES;
				GCC_C_LANGUAGE_STANDARD = gnu99;
				GCC_NO_COMMON_BLOCKS = YES;
				GCC_WARN_64_TO_32_BIT_CONVERSION = YES;
				GCC_WARN_ABOUT_RETURN_TYPE = YES_ERROR;
				GCC_WARN_UNDECLARED_SELECTOR = YES;
				GCC_WARN_UNINITIALIZED_AUTOS = YES_AGGRESSIVE;
				GCC_WARN_UNUSED_FUNCTION = YES;
				GCC_WARN_UNUSED_VARIABLE = YES;
				IPHONEOS_DEPLOYMENT_TARGET = 9.2;
				MTL_ENABLE_DEBUG_INFO = NO;
				SDKROOT = iphoneos;
				VALIDATE_PRODUCT = YES;
			};
			name = Release;
		};
		FF6CF9671C931ADC00A6879A /* Debug */ = {
			isa = XCBuildConfiguration;
			buildSettings = {
				OTHER_LDFLAGS = "-ObjC";
				PRODUCT_NAME = "$(TARGET_NAME)";
				SKIP_INSTALL = YES;
			};
			name = Debug;
		};
		FF6CF9681C931ADC00A6879A /* Release */ = {
			isa = XCBuildConfiguration;
			buildSettings = {
				OTHER_LDFLAGS = "-ObjC";
				PRODUCT_NAME = "$(TARGET_NAME)";
				SKIP_INSTALL = YES;
			};
			name = Release;
		};
/* End XCBuildConfiguration section */

/* Begin XCConfigurationList section */
		FF6CF9581C931ADB00A6879A /* Build configuration list for PBXProject "FMTableView" */ = {
			isa = XCConfigurationList;
			buildConfigurations = (
				FF6CF9641C931ADC00A6879A /* Debug */,
				FF6CF9651C931ADC00A6879A /* Release */,
			);
			defaultConfigurationIsVisible = 0;
			defaultConfigurationName = Release;
		};
		FF6CF9661C931ADC00A6879A /* Build configuration list for PBXNativeTarget "FMTableView" */ = {
			isa = XCConfigurationList;
			buildConfigurations = (
				FF6CF9671C931ADC00A6879A /* Debug */,
				FF6CF9681C931ADC00A6879A /* Release */,
			);
			defaultConfigurationIsVisible = 0;
			defaultConfigurationName = Release;
		};
/* End XCConfigurationList section */
	};
	rootObject = FF6CF9551C931ADB00A6879A /* Project object */;
}
